
Microsoft Visual Studio Solution File, Format Version 12.00
# Visual Studio 15
VisualStudioVersion = 15.0.28307.1433
MinimumVisualStudioVersion = 10.0.40219.1
Project("{FAE04EC0-301F-11D3-BF4B-00C04F79EFBC}") = "MedidoresApp", "MedidoresApp\MedidoresApp.csproj", "{31633C0B-4C7F-41AB-8278-B410FA1BD0D6}"
EndProject
Project("{FAE04EC0-301F-11D3-BF4B-00C04F79EFBC}") = "MedidoresModel", "MedidoresModel\MedidoresModel.csproj", "{F30BF9A6-7E7E-4974-93B4-19E10D1F3317}"
EndProject
Global
	GlobalSection(SolutionConfigurationPlatforms) = preSolution
		Debug|Any CPU = Debug|Any CPU
		Release|Any CPU = Release|Any CPU
	EndGlobalSection
	GlobalSection(ProjectConfigurationPlatforms) = postSolution
		{31633C0B-4C7F-41AB-8278-B410FA1BD0D6}.Debug|Any CPU.ActiveCfg = Debug|Any CPU
		{31633C0B-4C7F-41AB-8278-B410FA1BD0D6}.Debug|Any CPU.Build.0 = Debug|Any CPU
		{31633C0B-4C7F-41AB-8278-B410FA1BD0D6}.Release|Any CPU.ActiveCfg = Release|Any CPU
		{31633C0B-4C7F-41AB-8278-B410FA1BD0D6}.Release|Any CPU.Build.0 = Release|Any CPU
		{F30BF9A6-7E7E-4974-93B4-19E10D1F3317}.Debug|Any CPU.ActiveCfg = Debug|Any CPU
		{F30BF9A6-7E7E-4974-93B4-19E10D1F3317}.Debug|Any CPU.Build.0 = Debug|Any CPU
		{F30BF9A6-7E7E-4974-93B4-19E10D1F3317}.Release|Any CPU.ActiveCfg = Release|Any CPU
		{F30BF9A6-7E7E-4974-93B4-19E10D1F3317}.Release|Any CPU.Build.0 = Release|Any CPU
	EndGlobalSection
	GlobalSection(SolutionProperties) = preSolution
		HideSolutionNode = FALSE
	EndGlobalSection
	GlobalSection(ExtensibilityGlobals) = postSolution
		SolutionGuid = {AD384E3F-33EC-4356-8BF5-E161CC729A40}
	EndGlobalSection
EndGlobal
